// !$*UTF8*$!
{
	archiveVersion = 1;
	classes = {
	};
	objectVersion = 46;
	objects = {

/* Begin PBXBuildFile section */
		280DC1361D45637800D6E10F /* main.m in Sources */ = {isa = PBXBuildFile; fileRef = 280DC1351D45637800D6E10F /* main.m */; };
		280DC1391D45637800D6E10F /* AppDelegate.m in Sources */ = {isa = PBXBuildFile; fileRef = 280DC1381D45637800D6E10F /* AppDelegate.m */; };
		280DC13C1D45637800D6E10F /* NavigateViewController.m in Sources */ = {isa = PBXBuildFile; fileRef = 280DC13B1D45637800D6E10F /* NavigateViewController.m */; };
		280DC13F1D45637800D6E10F /* Main.storyboard in Resources */ = {isa = PBXBuildFile; fileRef = 280DC13D1D45637800D6E10F /* Main.storyboard */; };
		280DC1411D45637800D6E10F /* Assets.xcassets in Resources */ = {isa = PBXBuildFile; fileRef = 280DC1401D45637800D6E10F /* Assets.xcassets */; };
		280DC1441D45637800D6E10F /* LaunchScreen.storyboard in Resources */ = {isa = PBXBuildFile; fileRef = 280DC1421D45637800D6E10F /* LaunchScreen.storyboard */; };
		280DC1571D461D9400D6E10F /* MenuView.m in Sources */ = {isa = PBXBuildFile; fileRef = 280DC1561D461D9400D6E10F /* MenuView.m */; };
		280DC1591D461DDF00D6E10F /* MenuView.xib in Resources */ = {isa = PBXBuildFile; fileRef = 280DC1581D461DDF00D6E10F /* MenuView.xib */; };
		280DC15F1D46465500D6E10F /* NotificationsViewController.m in Sources */ = {isa = PBXBuildFile; fileRef = 280DC15E1D46465500D6E10F /* NotificationsViewController.m */; };
		280DC1621D464A5800D6E10F /* NewsViewController.m in Sources */ = {isa = PBXBuildFile; fileRef = 280DC1611D464A5800D6E10F /* NewsViewController.m */; };
		280DC1651D464F4800D6E10F /* EventsViewController.m in Sources */ = {isa = PBXBuildFile; fileRef = 280DC1641D464F4800D6E10F /* EventsViewController.m */; };
		280DC1691D46579100D6E10F /* ACHubDataManager.m in Sources */ = {isa = PBXBuildFile; fileRef = 280DC1681D46579100D6E10F /* ACHubDataManager.m */; };
		280DC16D1D46808800D6E10F /* ACUser.m in Sources */ = {isa = PBXBuildFile; fileRef = 280DC16C1D46808800D6E10F /* ACUser.m */; };
		280DC1711D4684C300D6E10F /* LoginViewController.m in Sources */ = {isa = PBXBuildFile; fileRef = 280DC1701D4684C300D6E10F /* LoginViewController.m */; };
		280DC1741D46853500D6E10F /* WelcomeViewController.m in Sources */ = {isa = PBXBuildFile; fileRef = 280DC1731D46853500D6E10F /* WelcomeViewController.m */; };
		280DC1771D468B6100D6E10F /* ACUserViewModel.m in Sources */ = {isa = PBXBuildFile; fileRef = 280DC1761D468B6100D6E10F /* ACUserViewModel.m */; };
		282D012F1D46C9B6001B82C9 /* ACEvent.m in Sources */ = {isa = PBXBuildFile; fileRef = 282D012E1D46C9B6001B82C9 /* ACEvent.m */; };
		282D01321D46CD6F001B82C9 /* ACEventsViewModel.m in Sources */ = {isa = PBXBuildFile; fileRef = 282D01311D46CD6F001B82C9 /* ACEventsViewModel.m */; };
		282D01351D46D3A4001B82C9 /* ActionTableViewCell.m in Sources */ = {isa = PBXBuildFile; fileRef = 282D01341D46D3A4001B82C9 /* ActionTableViewCell.m */; };
		28BE0F3A1D47825400110482 /* ACRepo.m in Sources */ = {isa = PBXBuildFile; fileRef = 28BE0F391D47825400110482 /* ACRepo.m */; };
		28BE0F3D1D478B5200110482 /* ReposViewController.m in Sources */ = {isa = PBXBuildFile; fileRef = 28BE0F3C1D478B5200110482 /* ReposViewController.m */; };
		28BE0F401D478C1200110482 /* ACReposViewModel.m in Sources */ = {isa = PBXBuildFile; fileRef = 28BE0F3F1D478C1200110482 /* ACReposViewModel.m */; };
		28BE0F431D478D5B00110482 /* RepoTableViewCell.m in Sources */ = {isa = PBXBuildFile; fileRef = 28BE0F421D478D5B00110482 /* RepoTableViewCell.m */; };
		28BE0F461D47A48D00110482 /* DetailRepoCountTableViewCell.m in Sources */ = {isa = PBXBuildFile; fileRef = 28BE0F451D47A48D00110482 /* DetailRepoCountTableViewCell.m */; };
		28BE0F531D47BA3A00110482 /* DetailRepoViewController.m in Sources */ = {isa = PBXBuildFile; fileRef = 28BE0F521D47BA3A00110482 /* DetailRepoViewController.m */; };
		28BE0F561D47C1B400110482 /* DetailRepoDoubleTableViewCell.m in Sources */ = {isa = PBXBuildFile; fileRef = 28BE0F551D47C1B400110482 /* DetailRepoDoubleTableViewCell.m */; };
		28BE0F5B1D47E40B00110482 /* SearchReposViewController.m in Sources */ = {isa = PBXBuildFile; fileRef = 28BE0F5A1D47E40B00110482 /* SearchReposViewController.m */; };
/* End PBXBuildFile section */

/* Begin PBXFileReference section */
		280DC1311D45637800D6E10F /* CurlHub.app */ = {isa = PBXFileReference; explicitFileType = wrapper.application; includeInIndex = 0; path = CurlHub.app; sourceTree = BUILT_PRODUCTS_DIR; };
		280DC1351D45637800D6E10F /* main.m */ = {isa = PBXFileReference; lastKnownFileType = sourcecode.c.objc; path = main.m; sourceTree = "<group>"; };
		280DC1371D45637800D6E10F /* AppDelegate.h */ = {isa = PBXFileReference; lastKnownFileType = sourcecode.c.h; path = AppDelegate.h; sourceTree = "<group>"; };
		280DC1381D45637800D6E10F /* AppDelegate.m */ = {isa = PBXFileReference; lastKnownFileType = sourcecode.c.objc; path = AppDelegate.m; sourceTree = "<group>"; };
		280DC13A1D45637800D6E10F /* NavigateViewController.h */ = {isa = PBXFileReference; lastKnownFileType = sourcecode.c.h; path = NavigateViewController.h; sourceTree = "<group>"; };
		280DC13B1D45637800D6E10F /* NavigateViewController.m */ = {isa = PBXFileReference; lastKnownFileType = sourcecode.c.objc; path = NavigateViewController.m; sourceTree = "<group>"; };
		280DC13E1D45637800D6E10F /* Base */ = {isa = PBXFileReference; lastKnownFileType = file.storyboard; name = Base; path = Base.lproj/Main.storyboard; sourceTree = "<group>"; };
		280DC1401D45637800D6E10F /* Assets.xcassets */ = {isa = PBXFileReference; lastKnownFileType = folder.assetcatalog; path = Assets.xcassets; sourceTree = "<group>"; };
		280DC1431D45637800D6E10F /* Base */ = {isa = PBXFileReference; lastKnownFileType = file.storyboard; name = Base; path = Base.lproj/LaunchScreen.storyboard; sourceTree = "<group>"; };
		280DC1451D45637800D6E10F /* Info.plist */ = {isa = PBXFileReference; lastKnownFileType = text.plist.xml; path = Info.plist; sourceTree = "<group>"; };
		280DC1551D461D9400D6E10F /* MenuView.h */ = {isa = PBXFileReference; fileEncoding = 4; lastKnownFileType = sourcecode.c.h; path = MenuView.h; sourceTree = "<group>"; };
		280DC1561D461D9400D6E10F /* MenuView.m */ = {isa = PBXFileReference; fileEncoding = 4; lastKnownFileType = sourcecode.c.objc; path = MenuView.m; sourceTree = "<group>"; };
		280DC1581D461DDF00D6E10F /* MenuView.xib */ = {isa = PBXFileReference; fileEncoding = 4; lastKnownFileType = file.xib; path = MenuView.xib; sourceTree = "<group>"; };
		280DC15D1D46465500D6E10F /* NotificationsViewController.h */ = {isa = PBXFileReference; fileEncoding = 4; lastKnownFileType = sourcecode.c.h; path = NotificationsViewController.h; sourceTree = "<group>"; };
		280DC15E1D46465500D6E10F /* NotificationsViewController.m */ = {isa = PBXFileReference; fileEncoding = 4; lastKnownFileType = sourcecode.c.objc; path = NotificationsViewController.m; sourceTree = "<group>"; };
		280DC1601D464A5800D6E10F /* NewsViewController.h */ = {isa = PBXFileReference; fileEncoding = 4; lastKnownFileType = sourcecode.c.h; path = NewsViewController.h; sourceTree = "<group>"; };
		280DC1611D464A5800D6E10F /* NewsViewController.m */ = {isa = PBXFileReference; fileEncoding = 4; lastKnownFileType = sourcecode.c.objc; path = NewsViewController.m; sourceTree = "<group>"; };
		280DC1631D464F4800D6E10F /* EventsViewController.h */ = {isa = PBXFileReference; fileEncoding = 4; lastKnownFileType = sourcecode.c.h; path = EventsViewController.h; sourceTree = "<group>"; };
		280DC1641D464F4800D6E10F /* EventsViewController.m */ = {isa = PBXFileReference; fileEncoding = 4; lastKnownFileType = sourcecode.c.objc; path = EventsViewController.m; sourceTree = "<group>"; };
		280DC1671D46579100D6E10F /* ACHubDataManager.h */ = {isa = PBXFileReference; fileEncoding = 4; lastKnownFileType = sourcecode.c.h; path = ACHubDataManager.h; sourceTree = "<group>"; };
		280DC1681D46579100D6E10F /* ACHubDataManager.m */ = {isa = PBXFileReference; fileEncoding = 4; lastKnownFileType = sourcecode.c.objc; path = ACHubDataManager.m; sourceTree = "<group>"; };
		280DC16B1D46808800D6E10F /* ACUser.h */ = {isa = PBXFileReference; fileEncoding = 4; lastKnownFileType = sourcecode.c.h; path = ACUser.h; sourceTree = "<group>"; };
		280DC16C1D46808800D6E10F /* ACUser.m */ = {isa = PBXFileReference; fileEncoding = 4; lastKnownFileType = sourcecode.c.objc; path = ACUser.m; sourceTree = "<group>"; };
		280DC16F1D4684C300D6E10F /* LoginViewController.h */ = {isa = PBXFileReference; fileEncoding = 4; lastKnownFileType = sourcecode.c.h; path = LoginViewController.h; sourceTree = "<group>"; };
		280DC1701D4684C300D6E10F /* LoginViewController.m */ = {isa = PBXFileReference; fileEncoding = 4; lastKnownFileType = sourcecode.c.objc; path = LoginViewController.m; sourceTree = "<group>"; };
		280DC1721D46853500D6E10F /* WelcomeViewController.h */ = {isa = PBXFileReference; fileEncoding = 4; lastKnownFileType = sourcecode.c.h; path = WelcomeViewController.h; sourceTree = "<group>"; };
		280DC1731D46853500D6E10F /* WelcomeViewController.m */ = {isa = PBXFileReference; fileEncoding = 4; lastKnownFileType = sourcecode.c.objc; path = WelcomeViewController.m; sourceTree = "<group>"; };
		280DC1751D468B6100D6E10F /* ACUserViewModel.h */ = {isa = PBXFileReference; fileEncoding = 4; lastKnownFileType = sourcecode.c.h; path = ACUserViewModel.h; sourceTree = "<group>"; };
		280DC1761D468B6100D6E10F /* ACUserViewModel.m */ = {isa = PBXFileReference; fileEncoding = 4; lastKnownFileType = sourcecode.c.objc; path = ACUserViewModel.m; sourceTree = "<group>"; };
		282D012D1D46C9B6001B82C9 /* ACEvent.h */ = {isa = PBXFileReference; fileEncoding = 4; lastKnownFileType = sourcecode.c.h; path = ACEvent.h; sourceTree = "<group>"; };
		282D012E1D46C9B6001B82C9 /* ACEvent.m */ = {isa = PBXFileReference; fileEncoding = 4; lastKnownFileType = sourcecode.c.objc; path = ACEvent.m; sourceTree = "<group>"; };
		282D01301D46CD6F001B82C9 /* ACEventsViewModel.h */ = {isa = PBXFileReference; fileEncoding = 4; lastKnownFileType = sourcecode.c.h; path = ACEventsViewModel.h; sourceTree = "<group>"; };
		282D01311D46CD6F001B82C9 /* ACEventsViewModel.m */ = {isa = PBXFileReference; fileEncoding = 4; lastKnownFileType = sourcecode.c.objc; path = ACEventsViewModel.m; sourceTree = "<group>"; };
		282D01331D46D3A4001B82C9 /* ActionTableViewCell.h */ = {isa = PBXFileReference; fileEncoding = 4; lastKnownFileType = sourcecode.c.h; path = ActionTableViewCell.h; sourceTree = "<group>"; };
		282D01341D46D3A4001B82C9 /* ActionTableViewCell.m */ = {isa = PBXFileReference; fileEncoding = 4; lastKnownFileType = sourcecode.c.objc; path = ActionTableViewCell.m; sourceTree = "<group>"; };
		28BE0F381D47825400110482 /* ACRepo.h */ = {isa = PBXFileReference; fileEncoding = 4; lastKnownFileType = sourcecode.c.h; path = ACRepo.h; sourceTree = "<group>"; };
		28BE0F391D47825400110482 /* ACRepo.m */ = {isa = PBXFileReference; fileEncoding = 4; lastKnownFileType = sourcecode.c.objc; path = ACRepo.m; sourceTree = "<group>"; };
		28BE0F3B1D478B5200110482 /* ReposViewController.h */ = {isa = PBXFileReference; fileEncoding = 4; lastKnownFileType = sourcecode.c.h; path = ReposViewController.h; sourceTree = "<group>"; };
		28BE0F3C1D478B5200110482 /* ReposViewController.m */ = {isa = PBXFileReference; fileEncoding = 4; lastKnownFileType = sourcecode.c.objc; path = ReposViewController.m; sourceTree = "<group>"; };
		28BE0F3E1D478C1200110482 /* ACReposViewModel.h */ = {isa = PBXFileReference; fileEncoding = 4; lastKnownFileType = sourcecode.c.h; path = ACReposViewModel.h; sourceTree = "<group>"; };
		28BE0F3F1D478C1200110482 /* ACReposViewModel.m */ = {isa = PBXFileReference; fileEncoding = 4; lastKnownFileType = sourcecode.c.objc; path = ACReposViewModel.m; sourceTree = "<group>"; };
		28BE0F411D478D5B00110482 /* RepoTableViewCell.h */ = {isa = PBXFileReference; fileEncoding = 4; lastKnownFileType = sourcecode.c.h; path = RepoTableViewCell.h; sourceTree = "<group>"; };
		28BE0F421D478D5B00110482 /* RepoTableViewCell.m */ = {isa = PBXFileReference; fileEncoding = 4; lastKnownFileType = sourcecode.c.objc; path = RepoTableViewCell.m; sourceTree = "<group>"; };
		28BE0F441D47A48D00110482 /* DetailRepoCountTableViewCell.h */ = {isa = PBXFileReference; fileEncoding = 4; lastKnownFileType = sourcecode.c.h; path = DetailRepoCountTableViewCell.h; sourceTree = "<group>"; };
		28BE0F451D47A48D00110482 /* DetailRepoCountTableViewCell.m */ = {isa = PBXFileReference; fileEncoding = 4; lastKnownFileType = sourcecode.c.objc; path = DetailRepoCountTableViewCell.m; sourceTree = "<group>"; };
		28BE0F511D47BA3A00110482 /* DetailRepoViewController.h */ = {isa = PBXFileReference; fileEncoding = 4; lastKnownFileType = sourcecode.c.h; path = DetailRepoViewController.h; sourceTree = "<group>"; };
		28BE0F521D47BA3A00110482 /* DetailRepoViewController.m */ = {isa = PBXFileReference; fileEncoding = 4; lastKnownFileType = sourcecode.c.objc; path = DetailRepoViewController.m; sourceTree = "<group>"; };
		28BE0F541D47C1B400110482 /* DetailRepoDoubleTableViewCell.h */ = {isa = PBXFileReference; fileEncoding = 4; lastKnownFileType = sourcecode.c.h; path = DetailRepoDoubleTableViewCell.h; sourceTree = "<group>"; };
		28BE0F551D47C1B400110482 /* DetailRepoDoubleTableViewCell.m */ = {isa = PBXFileReference; fileEncoding = 4; lastKnownFileType = sourcecode.c.objc; path = DetailRepoDoubleTableViewCell.m; sourceTree = "<group>"; };
		28BE0F591D47E40B00110482 /* SearchReposViewController.h */ = {isa = PBXFileReference; fileEncoding = 4; lastKnownFileType = sourcecode.c.h; path = SearchReposViewController.h; sourceTree = "<group>"; };
		28BE0F5A1D47E40B00110482 /* SearchReposViewController.m */ = {isa = PBXFileReference; fileEncoding = 4; lastKnownFileType = sourcecode.c.objc; path = SearchReposViewController.m; sourceTree = "<group>"; };
/* End PBXFileReference section */

/* Begin PBXFrameworksBuildPhase section */
		280DC12E1D45637800D6E10F /* Frameworks */ = {
			isa = PBXFrameworksBuildPhase;
			buildActionMask = 2147483647;
			files = (
			);
			runOnlyForDeploymentPostprocessing = 0;
		};
/* End PBXFrameworksBuildPhase section */

/* Begin PBXGroup section */
		280DC1281D45637800D6E10F = {
			isa = PBXGroup;
			children = (
				280DC1331D45637800D6E10F /* CurlHub */,
				280DC1321D45637800D6E10F /* Products */,
			);
			sourceTree = "<group>";
		};
		280DC1321D45637800D6E10F /* Products */ = {
			isa = PBXGroup;
			children = (
				280DC1311D45637800D6E10F /* CurlHub.app */,
			);
			name = Products;
			sourceTree = "<group>";
		};
		280DC1331D45637800D6E10F /* CurlHub */ = {
			isa = PBXGroup;
			children = (
				280DC1371D45637800D6E10F /* AppDelegate.h */,
				280DC1381D45637800D6E10F /* AppDelegate.m */,
				282D01361D46D3AC001B82C9 /* Views */,
				280DC1781D468B6700D6E10F /* ViewModels */,
				280DC16E1D4682BE00D6E10F /* Managers */,
				280DC16A1D46807000D6E10F /* Models */,
				280DC15B1D46455000D6E10F /* Controllers */,
				280DC15C1D46455C00D6E10F /* UI */,
				280DC1401D45637800D6E10F /* Assets.xcassets */,
				280DC1451D45637800D6E10F /* Info.plist */,
				280DC1341D45637800D6E10F /* Supporting Files */,
			);
			path = CurlHub;
			sourceTree = "<group>";
		};
		280DC1341D45637800D6E10F /* Supporting Files */ = {
			isa = PBXGroup;
			children = (
				280DC1351D45637800D6E10F /* main.m */,
			);
			name = "Supporting Files";
			sourceTree = "<group>";
		};
		280DC15B1D46455000D6E10F /* Controllers */ = {
			isa = PBXGroup;
			children = (
				280DC1661D46530600D6E10F /* Home */,
				28BE0F471D47B97A00110482 /* Notifications */,
				28BE0F481D47B98200110482 /* News */,
				28BE0F491D47B98800110482 /* Events */,
				28BE0F4A1D47B99000110482 /* Login */,
				28BE0F4B1D47B99500110482 /* Welcome */,
				28BE0F4C1D47B99C00110482 /* Repos */,
				28BE0F501D47B9BA00110482 /* DetailRepo */,
				28BE0F5C1D47E41100110482 /* SearchRepos */,
			);
			name = Controllers;
			sourceTree = "<group>";
		};
		280DC15C1D46455C00D6E10F /* UI */ = {
			isa = PBXGroup;
			children = (
				280DC13D1D45637800D6E10F /* Main.storyboard */,
				280DC1421D45637800D6E10F /* LaunchScreen.storyboard */,
			);
			name = UI;
			sourceTree = "<group>";
		};
		280DC1661D46530600D6E10F /* Home */ = {
			isa = PBXGroup;
			children = (
				280DC13A1D45637800D6E10F /* NavigateViewController.h */,
				280DC13B1D45637800D6E10F /* NavigateViewController.m */,
			);
			name = Home;
			sourceTree = "<group>";
		};
		280DC16A1D46807000D6E10F /* Models */ = {
			isa = PBXGroup;
			children = (
				280DC16B1D46808800D6E10F /* ACUser.h */,
				280DC16C1D46808800D6E10F /* ACUser.m */,
				282D012D1D46C9B6001B82C9 /* ACEvent.h */,
				282D012E1D46C9B6001B82C9 /* ACEvent.m */,
				28BE0F381D47825400110482 /* ACRepo.h */,
				28BE0F391D47825400110482 /* ACRepo.m */,
			);
			name = Models;
			sourceTree = "<group>";
		};
		280DC16E1D4682BE00D6E10F /* Managers */ = {
			isa = PBXGroup;
			children = (
				280DC1671D46579100D6E10F /* ACHubDataManager.h */,
				280DC1681D46579100D6E10F /* ACHubDataManager.m */,
			);
			name = Managers;
			sourceTree = "<group>";
		};
		280DC1781D468B6700D6E10F /* ViewModels */ = {
			isa = PBXGroup;
			children = (
				280DC1751D468B6100D6E10F /* ACUserViewModel.h */,
				280DC1761D468B6100D6E10F /* ACUserViewModel.m */,
				282D01301D46CD6F001B82C9 /* ACEventsViewModel.h */,
				282D01311D46CD6F001B82C9 /* ACEventsViewModel.m */,
				28BE0F3E1D478C1200110482 /* ACReposViewModel.h */,
				28BE0F3F1D478C1200110482 /* ACReposViewModel.m */,
			);
			name = ViewModels;
			sourceTree = "<group>";
		};
		282D01361D46D3AC001B82C9 /* Views */ = {
			isa = PBXGroup;
			children = (
				28BE0F571D47E34B00110482 /* MenuView */,
				28BE0F581D47E35700110482 /* Cells */,
			);
			name = Views;
			sourceTree = "<group>";
		};
		28BE0F471D47B97A00110482 /* Notifications */ = {
			isa = PBXGroup;
			children = (
				280DC15D1D46465500D6E10F /* NotificationsViewController.h */,
				280DC15E1D46465500D6E10F /* NotificationsViewController.m */,
			);
			name = Notifications;
			sourceTree = "<group>";
		};
		28BE0F481D47B98200110482 /* News */ = {
			isa = PBXGroup;
			children = (
				280DC1601D464A5800D6E10F /* NewsViewController.h */,
				280DC1611D464A5800D6E10F /* NewsViewController.m */,
			);
			name = News;
			sourceTree = "<group>";
		};
		28BE0F491D47B98800110482 /* Events */ = {
			isa = PBXGroup;
			children = (
				280DC1631D464F4800D6E10F /* EventsViewController.h */,
				280DC1641D464F4800D6E10F /* EventsViewController.m */,
			);
			name = Events;
			sourceTree = "<group>";
		};
		28BE0F4A1D47B99000110482 /* Login */ = {
			isa = PBXGroup;
			children = (
				280DC16F1D4684C300D6E10F /* LoginViewController.h */,
				280DC1701D4684C300D6E10F /* LoginViewController.m */,
			);
			name = Login;
			sourceTree = "<group>";
		};
		28BE0F4B1D47B99500110482 /* Welcome */ = {
			isa = PBXGroup;
			children = (
				280DC1721D46853500D6E10F /* WelcomeViewController.h */,
				280DC1731D46853500D6E10F /* WelcomeViewController.m */,
			);
			name = Welcome;
			sourceTree = "<group>";
		};
		28BE0F4C1D47B99C00110482 /* Repos */ = {
			isa = PBXGroup;
			children = (
				28BE0F3B1D478B5200110482 /* ReposViewController.h */,
				28BE0F3C1D478B5200110482 /* ReposViewController.m */,
			);
			name = Repos;
			sourceTree = "<group>";
		};
		28BE0F501D47B9BA00110482 /* DetailRepo */ = {
			isa = PBXGroup;
			children = (
				28BE0F511D47BA3A00110482 /* DetailRepoViewController.h */,
				28BE0F521D47BA3A00110482 /* DetailRepoViewController.m */,
			);
			name = DetailRepo;
			sourceTree = "<group>";
		};
		28BE0F571D47E34B00110482 /* MenuView */ = {
			isa = PBXGroup;
			children = (
				280DC1551D461D9400D6E10F /* MenuView.h */,
				280DC1561D461D9400D6E10F /* MenuView.m */,
				280DC1581D461DDF00D6E10F /* MenuView.xib */,
			);
			name = MenuView;
			sourceTree = "<group>";
		};
		28BE0F581D47E35700110482 /* Cells */ = {
			isa = PBXGroup;
			children = (
				282D01331D46D3A4001B82C9 /* ActionTableViewCell.h */,
				282D01341D46D3A4001B82C9 /* ActionTableViewCell.m */,
				28BE0F411D478D5B00110482 /* RepoTableViewCell.h */,
				28BE0F421D478D5B00110482 /* RepoTableViewCell.m */,
				28BE0F441D47A48D00110482 /* DetailRepoCountTableViewCell.h */,
				28BE0F451D47A48D00110482 /* DetailRepoCountTableViewCell.m */,
				28BE0F541D47C1B400110482 /* DetailRepoDoubleTableViewCell.h */,
				28BE0F551D47C1B400110482 /* DetailRepoDoubleTableViewCell.m */,
			);
			name = Cells;
			sourceTree = "<group>";
		};
		28BE0F5C1D47E41100110482 /* SearchRepos */ = {
			isa = PBXGroup;
			children = (
				28BE0F591D47E40B00110482 /* SearchReposViewController.h */,
				28BE0F5A1D47E40B00110482 /* SearchReposViewController.m */,
			);
			name = SearchRepos;
			sourceTree = "<group>";
		};
/* End PBXGroup section */

/* Begin PBXNativeTarget section */
		280DC1301D45637800D6E10F /* CurlHub */ = {
			isa = PBXNativeTarget;
			buildConfigurationList = 280DC1481D45637800D6E10F /* Build configuration list for PBXNativeTarget "CurlHub" */;
			buildPhases = (
				280DC12D1D45637800D6E10F /* Sources */,
				280DC12E1D45637800D6E10F /* Frameworks */,
				280DC12F1D45637800D6E10F /* Resources */,
			);
			buildRules = (
			);
			dependencies = (
			);
			name = CurlHub;
			productName = CurlHub;
			productReference = 280DC1311D45637800D6E10F /* CurlHub.app */;
			productType = "com.apple.product-type.application";
		};
/* End PBXNativeTarget section */

/* Begin PBXProject section */
		280DC1291D45637800D6E10F /* Project object */ = {
			isa = PBXProject;
			attributes = {
				LastUpgradeCheck = 0730;
				ORGANIZATIONNAME = ArthurChistyak;
				TargetAttributes = {
					280DC1301D45637800D6E10F = {
						CreatedOnToolsVersion = 7.3.1;
						DevelopmentTeam = 6JFVNK494S;
					};
				};
			};
			buildConfigurationList = 280DC12C1D45637800D6E10F /* Build configuration list for PBXProject "CurlHub" */;
			compatibilityVersion = "Xcode 3.2";
			developmentRegion = English;
			hasScannedForEncodings = 0;
			knownRegions = (
				en,
				Base,
			);
			mainGroup = 280DC1281D45637800D6E10F;
			productRefGroup = 280DC1321D45637800D6E10F /* Products */;
			projectDirPath = "";
			projectRoot = "";
			targets = (
				280DC1301D45637800D6E10F /* CurlHub */,
			);
		};
/* End PBXProject section */

/* Begin PBXResourcesBuildPhase section */
		280DC12F1D45637800D6E10F /* Resources */ = {
			isa = PBXResourcesBuildPhase;
			buildActionMask = 2147483647;
			files = (
				280DC1441D45637800D6E10F /* LaunchScreen.storyboard in Resources */,
				280DC1591D461DDF00D6E10F /* MenuView.xib in Resources */,
				280DC1411D45637800D6E10F /* Assets.xcassets in Resources */,
				280DC13F1D45637800D6E10F /* Main.storyboard in Resources */,
			);
			runOnlyForDeploymentPostprocessing = 0;
		};
/* End PBXResourcesBuildPhase section */

/* Begin PBXSourcesBuildPhase section */
		280DC12D1D45637800D6E10F /* Sources */ = {
			isa = PBXSourcesBuildPhase;
			buildActionMask = 2147483647;
			files = (
				280DC15F1D46465500D6E10F /* NotificationsViewController.m in Sources */,
				280DC13C1D45637800D6E10F /* NavigateViewController.m in Sources */,
				280DC1571D461D9400D6E10F /* MenuView.m in Sources */,
				282D012F1D46C9B6001B82C9 /* ACEvent.m in Sources */,
				280DC1651D464F4800D6E10F /* EventsViewController.m in Sources */,
				28BE0F531D47BA3A00110482 /* DetailRepoViewController.m in Sources */,
				282D01321D46CD6F001B82C9 /* ACEventsViewModel.m in Sources */,
				28BE0F431D478D5B00110482 /* RepoTableViewCell.m in Sources */,
				280DC1711D4684C300D6E10F /* LoginViewController.m in Sources */,
				280DC1771D468B6100D6E10F /* ACUserViewModel.m in Sources */,
				28BE0F401D478C1200110482 /* ACReposViewModel.m in Sources */,
				28BE0F461D47A48D00110482 /* DetailRepoCountTableViewCell.m in Sources */,
				28BE0F5B1D47E40B00110482 /* SearchReposViewController.m in Sources */,
				280DC1621D464A5800D6E10F /* NewsViewController.m in Sources */,
				280DC1741D46853500D6E10F /* WelcomeViewController.m in Sources */,
				280DC1691D46579100D6E10F /* ACHubDataManager.m in Sources */,
				280DC1391D45637800D6E10F /* AppDelegate.m in Sources */,
				282D01351D46D3A4001B82C9 /* ActionTableViewCell.m in Sources */,
				28BE0F3A1D47825400110482 /* ACRepo.m in Sources */,
				280DC16D1D46808800D6E10F /* ACUser.m in Sources */,
				28BE0F3D1D478B5200110482 /* ReposViewController.m in Sources */,
				280DC1361D45637800D6E10F /* main.m in Sources */,
				28BE0F561D47C1B400110482 /* DetailRepoDoubleTableViewCell.m in Sources */,
			);
			runOnlyForDeploymentPostprocessing = 0;
		};
/* End PBXSourcesBuildPhase section */

/* Begin PBXVariantGroup section */
		280DC13D1D45637800D6E10F /* Main.storyboard */ = {
			isa = PBXVariantGroup;
			children = (
				280DC13E1D45637800D6E10F /* Base */,
			);
			name = Main.storyboard;
			sourceTree = "<group>";
		};
		280DC1421D45637800D6E10F /* LaunchScreen.storyboard */ = {
			isa = PBXVariantGroup;
			children = (
				280DC1431D45637800D6E10F /* Base */,
			);
			name = LaunchScreen.storyboard;
			sourceTree = "<group>";
		};
/* End PBXVariantGroup section */

/* Begin XCBuildConfiguration section */
		280DC1461D45637800D6E10F /* Debug */ = {
			isa = XCBuildConfiguration;
			buildSettings = {
				ALWAYS_SEARCH_USER_PATHS = NO;
				CLANG_ANALYZER_NONNULL = YES;
				CLANG_CXX_LANGUAGE_STANDARD = "gnu++0x";
				CLANG_CXX_LIBRARY = "libc++";
				CLANG_ENABLE_MODULES = YES;
				CLANG_ENABLE_OBJC_ARC = YES;
				CLANG_WARN_BOOL_CONVERSION = YES;
				CLANG_WARN_CONSTANT_CONVERSION = YES;
				CLANG_WARN_DIRECT_OBJC_ISA_USAGE = YES_ERROR;
				CLANG_WARN_EMPTY_BODY = YES;
				CLANG_WARN_ENUM_CONVERSION = YES;
				CLANG_WARN_INT_CONVERSION = YES;
				CLANG_WARN_OBJC_ROOT_CLASS = YES_ERROR;
				CLANG_WARN_UNREACHABLE_CODE = YES;
				CLANG_WARN__DUPLICATE_METHOD_MATCH = YES;
				"CODE_SIGN_IDENTITY[sdk=iphoneos*]" = "iPhone Developer";
				COPY_PHASE_STRIP = NO;
				DEBUG_INFORMATION_FORMAT = dwarf;
				ENABLE_STRICT_OBJC_MSGSEND = YES;
				ENABLE_TESTABILITY = YES;
				GCC_C_LANGUAGE_STANDARD = gnu99;
				GCC_DYNAMIC_NO_PIC = NO;
				GCC_NO_COMMON_BLOCKS = YES;
				GCC_OPTIMIZATION_LEVEL = 0;
				GCC_PREPROCESSOR_DEFINITIONS = (
					"DEBUG=1",
					"$(inherited)",
				);
				GCC_WARN_64_TO_32_BIT_CONVERSION = YES;
				GCC_WARN_ABOUT_RETURN_TYPE = YES_ERROR;
				GCC_WARN_UNDECLARED_SELECTOR = YES;
				GCC_WARN_UNINITIALIZED_AUTOS = YES_AGGRESSIVE;
				GCC_WARN_UNUSED_FUNCTION = YES;
				GCC_WARN_UNUSED_VARIABLE = YES;
				IPHONEOS_DEPLOYMENT_TARGET = 9.3;
				MTL_ENABLE_DEBUG_INFO = YES;
				ONLY_ACTIVE_ARCH = YES;
				SDKROOT = iphoneos;
				TARGETED_DEVICE_FAMILY = "1,2";
			};
			name = Debug;
		};
		280DC1471D45637800D6E10F /* Release */ = {
			isa = XCBuildConfiguration;
			buildSettings = {
				ALWAYS_SEARCH_USER_PATHS = NO;
				CLANG_ANALYZER_NONNULL = YES;
				CLANG_CXX_LANGUAGE_STANDARD = "gnu++0x";
				CLANG_CXX_LIBRARY = "libc++";
				CLANG_ENABLE_MODULES = YES;
				CLANG_ENABLE_OBJC_ARC = YES;
				CLANG_WARN_BOOL_CONVERSION = YES;
				CLANG_WARN_CONSTANT_CONVERSION = YES;
				CLANG_WARN_DIRECT_OBJC_ISA_USAGE = YES_ERROR;
				CLANG_WARN_EMPTY_BODY = YES;
				CLANG_WARN_ENUM_CONVERSION = YES;
				CLANG_WARN_INT_CONVERSION = YES;
				CLANG_WARN_OBJC_ROOT_CLASS = YES_ERROR;
				CLANG_WARN_UNREACHABLE_CODE = YES;
				CLANG_WARN__DUPLICATE_METHOD_MATCH = YES;
				"CODE_SIGN_IDENTITY[sdk=iphoneos*]" = "iPhone Developer";
				COPY_PHASE_STRIP = NO;
				DEBUG_INFORMATION_FORMAT = "dwarf-with-dsym";
				ENABLE_NS_ASSERTIONS = NO;
				ENABLE_STRICT_OBJC_MSGSEND = YES;
				GCC_C_LANGUAGE_STANDARD = gnu99;
				GCC_NO_COMMON_BLOCKS = YES;
				GCC_WARN_64_TO_32_BIT_CONVERSION = YES;
				GCC_WARN_ABOUT_RETURN_TYPE = YES_ERROR;
				GCC_WARN_UNDECLARED_SELECTOR = YES;
				GCC_WARN_UNINITIALIZED_AUTOS = YES_AGGRESSIVE;
				GCC_WARN_UNUSED_FUNCTION = YES;
				GCC_WARN_UNUSED_VARIABLE = YES;
				IPHONEOS_DEPLOYMENT_TARGET = 9.3;
				MTL_ENABLE_DEBUG_INFO = NO;
				SDKROOT = iphoneos;
				TARGETED_DEVICE_FAMILY = "1,2";
				VALIDATE_PRODUCT = YES;
			};
			name = Release;
		};
		280DC1491D45637800D6E10F /* Debug */ = {
			isa = XCBuildConfiguration;
			buildSettings = {
				ASSETCATALOG_COMPILER_APPICON_NAME = AppIcon;
				INFOPLIST_FILE = CurlHub/Info.plist;
				LD_RUNPATH_SEARCH_PATHS = "$(inherited) @executable_path/Frameworks";
				PRODUCT_BUNDLE_IDENTIFIER = localhost.CurlHub;
				PRODUCT_NAME = "$(TARGET_NAME)";
			};
			name = Debug;
		};
		280DC14A1D45637800D6E10F /* Release */ = {
			isa = XCBuildConfiguration;
			buildSettings = {
				ASSETCATALOG_COMPILER_APPICON_NAME = AppIcon;
				INFOPLIST_FILE = CurlHub/Info.plist;
				LD_RUNPATH_SEARCH_PATHS = "$(inherited) @executable_path/Frameworks";
				PRODUCT_BUNDLE_IDENTIFIER = localhost.CurlHub;
				PRODUCT_NAME = "$(TARGET_NAME)";
			};
			name = Release;
		};
/* End XCBuildConfiguration section */

/* Begin XCConfigurationList section */
		280DC12C1D45637800D6E10F /* Build configuration list for PBXProject "CurlHub" */ = {
			isa = XCConfigurationList;
			buildConfigurations = (
				280DC1461D45637800D6E10F /* Debug */,
				280DC1471D45637800D6E10F /* Release */,
			);
			defaultConfigurationIsVisible = 0;
			defaultConfigurationName = Release;
		};
		280DC1481D45637800D6E10F /* Build configuration list for PBXNativeTarget "CurlHub" */ = {
			isa = XCConfigurationList;
			buildConfigurations = (
				280DC1491D45637800D6E10F /* Debug */,
				280DC14A1D45637800D6E10F /* Release */,
			);
			defaultConfigurationIsVisible = 0;
			defaultConfigurationName = Release;
		};
/* End XCConfigurationList section */
	};
	rootObject = 280DC1291D45637800D6E10F /* Project object */;
}
